// !$*UTF8*$!
{
	archiveVersion = 1;
	classes = {
	};
	objectVersion = 51;
	objects = {

/* Begin PBXBuildFile section */
		0F97264B5A7104CEC37FE06A /* Pods_SDKSample.framework in Frameworks */ = {isa = PBXBuildFile; fileRef = 0E60ACA0484F4E51C4F125D0 /* Pods_SDKSample.framework */; };
		A73F800722D9FD48007CF52A /* AppDelegate.swift in Sources */ = {isa = PBXBuildFile; fileRef = A73F800622D9FD48007CF52A /* AppDelegate.swift */; };
		A73F800E22D9FD4A007CF52A /* Assets.xcassets in Resources */ = {isa = PBXBuildFile; fileRef = A73F800D22D9FD4A007CF52A /* Assets.xcassets */; };
		A73F801122D9FD4A007CF52A /* LaunchScreen.storyboard in Resources */ = {isa = PBXBuildFile; fileRef = A73F800F22D9FD4A007CF52A /* LaunchScreen.storyboard */; };
		A74813EC22DA2B8B0033B9DD /* Login.storyboard in Resources */ = {isa = PBXBuildFile; fileRef = A74813EB22DA2B8B0033B9DD /* Login.storyboard */; };
		A74813EE22DA2BA60033B9DD /* LoginViewController.swift in Sources */ = {isa = PBXBuildFile; fileRef = A74813ED22DA2BA60033B9DD /* LoginViewController.swift */; };
		A74813F122DA2C1F0033B9DD /* MainAssembly.swift in Sources */ = {isa = PBXBuildFile; fileRef = A74813F022DA2C1F0033B9DD /* MainAssembly.swift */; };
		A74813F422DA2C8E0033B9DD /* NSObjectExt.swift in Sources */ = {isa = PBXBuildFile; fileRef = A74813F322DA2C8E0033B9DD /* NSObjectExt.swift */; };
/* End PBXBuildFile section */

/* Begin PBXFileReference section */
		0E60ACA0484F4E51C4F125D0 /* Pods_SDKSample.framework */ = {isa = PBXFileReference; explicitFileType = wrapper.framework; includeInIndex = 0; path = Pods_SDKSample.framework; sourceTree = BUILT_PRODUCTS_DIR; };
		95C93C5663EABB8C19A58CF1 /* Pods-SDKSample.release.xcconfig */ = {isa = PBXFileReference; includeInIndex = 1; lastKnownFileType = text.xcconfig; name = "Pods-SDKSample.release.xcconfig"; path = "Target Support Files/Pods-SDKSample/Pods-SDKSample.release.xcconfig"; sourceTree = "<group>"; };
		A73F800322D9FD48007CF52A /* SDKSample.app */ = {isa = PBXFileReference; explicitFileType = wrapper.application; includeInIndex = 0; path = SDKSample.app; sourceTree = BUILT_PRODUCTS_DIR; };
		A73F800622D9FD48007CF52A /* AppDelegate.swift */ = {isa = PBXFileReference; lastKnownFileType = sourcecode.swift; path = AppDelegate.swift; sourceTree = "<group>"; };
		A73F800D22D9FD4A007CF52A /* Assets.xcassets */ = {isa = PBXFileReference; lastKnownFileType = folder.assetcatalog; path = Assets.xcassets; sourceTree = "<group>"; };
		A73F801022D9FD4A007CF52A /* Base */ = {isa = PBXFileReference; lastKnownFileType = file.storyboard; name = Base; path = Base.lproj/LaunchScreen.storyboard; sourceTree = "<group>"; };
		A73F801222D9FD4A007CF52A /* Info.plist */ = {isa = PBXFileReference; lastKnownFileType = text.plist.xml; path = Info.plist; sourceTree = "<group>"; };
		A74813EB22DA2B8B0033B9DD /* Login.storyboard */ = {isa = PBXFileReference; lastKnownFileType = file.storyboard; path = Login.storyboard; sourceTree = "<group>"; };
		A74813ED22DA2BA60033B9DD /* LoginViewController.swift */ = {isa = PBXFileReference; lastKnownFileType = sourcecode.swift; path = LoginViewController.swift; sourceTree = "<group>"; };
		A74813F022DA2C1F0033B9DD /* MainAssembly.swift */ = {isa = PBXFileReference; lastKnownFileType = sourcecode.swift; path = MainAssembly.swift; sourceTree = "<group>"; };
		A74813F322DA2C8E0033B9DD /* NSObjectExt.swift */ = {isa = PBXFileReference; lastKnownFileType = sourcecode.swift; path = NSObjectExt.swift; sourceTree = "<group>"; };
		DE7BBD2CBDF561F7BCB7FA60 /* Pods-SDKSample.debug.xcconfig */ = {isa = PBXFileReference; includeInIndex = 1; lastKnownFileType = text.xcconfig; name = "Pods-SDKSample.debug.xcconfig"; path = "Target Support Files/Pods-SDKSample/Pods-SDKSample.debug.xcconfig"; sourceTree = "<group>"; };
/* End PBXFileReference section */

/* Begin PBXFrameworksBuildPhase section */
		A73F800022D9FD48007CF52A /* Frameworks */ = {
			isa = PBXFrameworksBuildPhase;
			buildActionMask = 2147483647;
			files = (
				0F97264B5A7104CEC37FE06A /* Pods_SDKSample.framework in Frameworks */,
			);
			runOnlyForDeploymentPostprocessing = 0;
		};
/* End PBXFrameworksBuildPhase section */

/* Begin PBXGroup section */
		37B0AA0D40F33542D9AB711D /* Pods */ = {
			isa = PBXGroup;
			children = (
				DE7BBD2CBDF561F7BCB7FA60 /* Pods-SDKSample.debug.xcconfig */,
				95C93C5663EABB8C19A58CF1 /* Pods-SDKSample.release.xcconfig */,
			);
			path = Pods;
			sourceTree = "<group>";
		};
		A73F7FFA22D9FD48007CF52A = {
			isa = PBXGroup;
			children = (
				A73F800522D9FD48007CF52A /* SDKSample */,
				A73F800422D9FD48007CF52A /* Products */,
				37B0AA0D40F33542D9AB711D /* Pods */,
				EF998F79D8B4011CD15691C2 /* Frameworks */,
			);
			sourceTree = "<group>";
		};
		A73F800422D9FD48007CF52A /* Products */ = {
			isa = PBXGroup;
			children = (
				A73F800322D9FD48007CF52A /* SDKSample.app */,
			);
			name = Products;
			sourceTree = "<group>";
		};
		A73F800522D9FD48007CF52A /* SDKSample */ = {
			isa = PBXGroup;
			children = (
				A74813E822D9FF820033B9DD /* Classes */,
				A74813E622D9FF260033B9DD /* Storyboards */,
				A74813E722D9FF310033B9DD /* Resources */,
			);
			path = SDKSample;
			sourceTree = "<group>";
		};
		A74813E522D9FEF50033B9DD /* Controllers */ = {
			isa = PBXGroup;
			children = (
				A74813ED22DA2BA60033B9DD /* LoginViewController.swift */,
			);
			path = Controllers;
			sourceTree = "<group>";
		};
		A74813E622D9FF260033B9DD /* Storyboards */ = {
			isa = PBXGroup;
			children = (
				A73F800F22D9FD4A007CF52A /* LaunchScreen.storyboard */,
				A74813EB22DA2B8B0033B9DD /* Login.storyboard */,
			);
			path = Storyboards;
			sourceTree = "<group>";
		};
		A74813E722D9FF310033B9DD /* Resources */ = {
			isa = PBXGroup;
			children = (
				A73F800D22D9FD4A007CF52A /* Assets.xcassets */,
				A73F801222D9FD4A007CF52A /* Info.plist */,
			);
			path = Resources;
			sourceTree = "<group>";
		};
		A74813E822D9FF820033B9DD /* Classes */ = {
			isa = PBXGroup;
			children = (
				A73F800622D9FD48007CF52A /* AppDelegate.swift */,
				A74813E522D9FEF50033B9DD /* Controllers */,
				A74813EF22DA2C0C0033B9DD /* Util */,
			);
			path = Classes;
			sourceTree = "<group>";
		};
		A74813EF22DA2C0C0033B9DD /* Util */ = {
			isa = PBXGroup;
			children = (
				A74813F222DA2C840033B9DD /* Extensions */,
				A74813F022DA2C1F0033B9DD /* MainAssembly.swift */,
			);
			path = Util;
			sourceTree = "<group>";
		};
		A74813F222DA2C840033B9DD /* Extensions */ = {
			isa = PBXGroup;
			children = (
				A74813F322DA2C8E0033B9DD /* NSObjectExt.swift */,
			);
			path = Extensions;
			sourceTree = "<group>";
		};
		EF998F79D8B4011CD15691C2 /* Frameworks */ = {
			isa = PBXGroup;
			children = (
				0E60ACA0484F4E51C4F125D0 /* Pods_SDKSample.framework */,
			);
			name = Frameworks;
			sourceTree = "<group>";
		};
/* End PBXGroup section */

/* Begin PBXNativeTarget section */
		A73F800222D9FD48007CF52A /* SDKSample */ = {
			isa = PBXNativeTarget;
			buildConfigurationList = A73F801522D9FD4A007CF52A /* Build configuration list for PBXNativeTarget "SDKSample" */;
			buildPhases = (
				A9971B7F3D6F22C242ECB9EE /* [CP] Check Pods Manifest.lock */,
				A73F7FFF22D9FD48007CF52A /* Sources */,
				A73F800022D9FD48007CF52A /* Frameworks */,
				A73F800122D9FD48007CF52A /* Resources */,
				3E21149D4E835BE725FFFB25 /* [CP] Embed Pods Frameworks */,
			);
			buildRules = (
			);
			dependencies = (
			);
			name = SDKSample;
			productName = SDKSample;
			productReference = A73F800322D9FD48007CF52A /* SDKSample.app */;
			productType = "com.apple.product-type.application";
		};
/* End PBXNativeTarget section */

/* Begin PBXProject section */
		A73F7FFB22D9FD48007CF52A /* Project object */ = {
			isa = PBXProject;
			attributes = {
				LastSwiftUpdateCheck = 1020;
				LastUpgradeCheck = 1020;
				ORGANIZATIONNAME = InPlayer;
				TargetAttributes = {
					A73F800222D9FD48007CF52A = {
						CreatedOnToolsVersion = 10.2.1;
					};
				};
			};
			buildConfigurationList = A73F7FFE22D9FD48007CF52A /* Build configuration list for PBXProject "SDKSample" */;
			compatibilityVersion = "Xcode 9.3";
			developmentRegion = en;
			hasScannedForEncodings = 0;
			knownRegions = (
				en,
				Base,
			);
			mainGroup = A73F7FFA22D9FD48007CF52A;
			productRefGroup = A73F800422D9FD48007CF52A /* Products */;
			projectDirPath = "";
			projectRoot = "";
			targets = (
				A73F800222D9FD48007CF52A /* SDKSample */,
			);
		};
/* End PBXProject section */

/* Begin PBXResourcesBuildPhase section */
		A73F800122D9FD48007CF52A /* Resources */ = {
			isa = PBXResourcesBuildPhase;
			buildActionMask = 2147483647;
			files = (
				A74813EC22DA2B8B0033B9DD /* Login.storyboard in Resources */,
				A73F801122D9FD4A007CF52A /* LaunchScreen.storyboard in Resources */,
				A73F800E22D9FD4A007CF52A /* Assets.xcassets in Resources */,
			);
			runOnlyForDeploymentPostprocessing = 0;
		};
/* End PBXResourcesBuildPhase section */

/* Begin PBXShellScriptBuildPhase section */
		3E21149D4E835BE725FFFB25 /* [CP] Embed Pods Frameworks */ = {
			isa = PBXShellScriptBuildPhase;
			buildActionMask = 2147483647;
			files = (
			);
			inputFileListPaths = (
				"${PODS_ROOT}/Target Support Files/Pods-SDKSample/Pods-SDKSample-frameworks-${CONFIGURATION}-input-files.xcfilelist",
			);
			name = "[CP] Embed Pods Frameworks";
			outputFileListPaths = (
				"${PODS_ROOT}/Target Support Files/Pods-SDKSample/Pods-SDKSample-frameworks-${CONFIGURATION}-output-files.xcfilelist",
			);
			runOnlyForDeploymentPostprocessing = 0;
			shellPath = /bin/sh;
			shellScript = "\"${PODS_ROOT}/Target Support Files/Pods-SDKSample/Pods-SDKSample-frameworks.sh\"\n";
			showEnvVarsInLog = 0;
		};
		A9971B7F3D6F22C242ECB9EE /* [CP] Check Pods Manifest.lock */ = {
			isa = PBXShellScriptBuildPhase;
			buildActionMask = 2147483647;
			files = (
			);
			inputFileListPaths = (
			);
			inputPaths = (
				"${PODS_PODFILE_DIR_PATH}/Podfile.lock",
				"${PODS_ROOT}/Manifest.lock",
			);
			name = "[CP] Check Pods Manifest.lock";
			outputFileListPaths = (
			);
			outputPaths = (
				"$(DERIVED_FILE_DIR)/Pods-SDKSample-checkManifestLockResult.txt",
			);
			runOnlyForDeploymentPostprocessing = 0;
			shellPath = /bin/sh;
			shellScript = "diff \"${PODS_PODFILE_DIR_PATH}/Podfile.lock\" \"${PODS_ROOT}/Manifest.lock\" > /dev/null\nif [ $? != 0 ] ; then\n    # print error to STDERR\n    echo \"error: The sandbox is not in sync with the Podfile.lock. Run 'pod install' or update your CocoaPods installation.\" >&2\n    exit 1\nfi\n# This output is used by Xcode 'outputs' to avoid re-running this script phase.\necho \"SUCCESS\" > \"${SCRIPT_OUTPUT_FILE_0}\"\n";
			showEnvVarsInLog = 0;
		};
/* End PBXShellScriptBuildPhase section */

/* Begin PBXSourcesBuildPhase section */
		A73F7FFF22D9FD48007CF52A /* Sources */ = {
			isa = PBXSourcesBuildPhase;
			buildActionMask = 2147483647;
			files = (
				A74813EE22DA2BA60033B9DD /* LoginViewController.swift in Sources */,
				A74813F422DA2C8E0033B9DD /* NSObjectExt.swift in Sources */,
				A73F800722D9FD48007CF52A /* AppDelegate.swift in Sources */,
				A74813F122DA2C1F0033B9DD /* MainAssembly.swift in Sources */,
			);
			runOnlyForDeploymentPostprocessing = 0;
		};
/* End PBXSourcesBuildPhase section */

/* Begin PBXVariantGroup section */
		A73F800F22D9FD4A007CF52A /* LaunchScreen.storyboard */ = {
			isa = PBXVariantGroup;
			children = (
				A73F801022D9FD4A007CF52A /* Base */,
			);
			name = LaunchScreen.storyboard;
			sourceTree = "<group>";
		};
/* End PBXVariantGroup section */

/* Begin XCBuildConfiguration section */
		A73F801322D9FD4A007CF52A /* Debug */ = {
			isa = XCBuildConfiguration;
			buildSettings = {
				ALWAYS_SEARCH_USER_PATHS = NO;
				CLANG_ANALYZER_NONNULL = YES;
				CLANG_ANALYZER_NUMBER_OBJECT_CONVERSION = YES_AGGRESSIVE;
				CLANG_CXX_LANGUAGE_STANDARD = "gnu++14";
				CLANG_CXX_LIBRARY = "libc++";
				CLANG_ENABLE_MODULES = YES;
				CLANG_ENABLE_OBJC_ARC = YES;
				CLANG_ENABLE_OBJC_WEAK = YES;
				CLANG_WARN_BLOCK_CAPTURE_AUTORELEASING = YES;
				CLANG_WARN_BOOL_CONVERSION = YES;
				CLANG_WARN_COMMA = YES;
				CLANG_WARN_CONSTANT_CONVERSION = YES;
				CLANG_WARN_DEPRECATED_OBJC_IMPLEMENTATIONS = YES;
				CLANG_WARN_DIRECT_OBJC_ISA_USAGE = YES_ERROR;
				CLANG_WARN_DOCUMENTATION_COMMENTS = YES;
				CLANG_WARN_EMPTY_BODY = YES;
				CLANG_WARN_ENUM_CONVERSION = YES;
				CLANG_WARN_INFINITE_RECURSION = YES;
				CLANG_WARN_INT_CONVERSION = YES;
				CLANG_WARN_NON_LITERAL_NULL_CONVERSION = YES;
				CLANG_WARN_OBJC_IMPLICIT_RETAIN_SELF = YES;
				CLANG_WARN_OBJC_LITERAL_CONVERSION = YES;
				CLANG_WARN_OBJC_ROOT_CLASS = YES_ERROR;
				CLANG_WARN_RANGE_LOOP_ANALYSIS = YES;
				CLANG_WARN_STRICT_PROTOTYPES = YES;
				CLANG_WARN_SUSPICIOUS_MOVE = YES;
				CLANG_WARN_UNGUARDED_AVAILABILITY = YES_AGGRESSIVE;
				CLANG_WARN_UNREACHABLE_CODE = YES;
				CLANG_WARN__DUPLICATE_METHOD_MATCH = YES;
				CODE_SIGN_IDENTITY = "iPhone Developer";
				COPY_PHASE_STRIP = NO;
				DEBUG_INFORMATION_FORMAT = dwarf;
				ENABLE_STRICT_OBJC_MSGSEND = YES;
				ENABLE_TESTABILITY = YES;
				GCC_C_LANGUAGE_STANDARD = gnu11;
				GCC_DYNAMIC_NO_PIC = NO;
				GCC_NO_COMMON_BLOCKS = YES;
				GCC_OPTIMIZATION_LEVEL = 0;
				GCC_PREPROCESSOR_DEFINITIONS = (
					"DEBUG=1",
					"$(inherited)",
				);
				GCC_WARN_64_TO_32_BIT_CONVERSION = YES;
				GCC_WARN_ABOUT_RETURN_TYPE = YES_ERROR;
				GCC_WARN_UNDECLARED_SELECTOR = YES;
				GCC_WARN_UNINITIALIZED_AUTOS = YES_AGGRESSIVE;
				GCC_WARN_UNUSED_FUNCTION = YES;
				GCC_WARN_UNUSED_VARIABLE = YES;
				IPHONEOS_DEPLOYMENT_TARGET = 12.2;
				MTL_ENABLE_DEBUG_INFO = INCLUDE_SOURCE;
				MTL_FAST_MATH = YES;
				ONLY_ACTIVE_ARCH = YES;
				SDKROOT = iphoneos;
				SWIFT_ACTIVE_COMPILATION_CONDITIONS = DEBUG;
				SWIFT_OPTIMIZATION_LEVEL = "-Onone";
			};
			name = Debug;
		};
		A73F801422D9FD4A007CF52A /* Release */ = {
			isa = XCBuildConfiguration;
			buildSettings = {
				ALWAYS_SEARCH_USER_PATHS = NO;
				CLANG_ANALYZER_NONNULL = YES;
				CLANG_ANALYZER_NUMBER_OBJECT_CONVERSION = YES_AGGRESSIVE;
				CLANG_CXX_LANGUAGE_STANDARD = "gnu++14";
				CLANG_CXX_LIBRARY = "libc++";
				CLANG_ENABLE_MODULES = YES;
				CLANG_ENABLE_OBJC_ARC = YES;
				CLANG_ENABLE_OBJC_WEAK = YES;
				CLANG_WARN_BLOCK_CAPTURE_AUTORELEASING = YES;
				CLANG_WARN_BOOL_CONVERSION = YES;
				CLANG_WARN_COMMA = YES;
				CLANG_WARN_CONSTANT_CONVERSION = YES;
				CLANG_WARN_DEPRECATED_OBJC_IMPLEMENTATIONS = YES;
				CLANG_WARN_DIRECT_OBJC_ISA_USAGE = YES_ERROR;
				CLANG_WARN_DOCUMENTATION_COMMENTS = YES;
				CLANG_WARN_EMPTY_BODY = YES;
				CLANG_WARN_ENUM_CONVERSION = YES;
				CLANG_WARN_INFINITE_RECURSION = YES;
				CLANG_WARN_INT_CONVERSION = YES;
				CLANG_WARN_NON_LITERAL_NULL_CONVERSION = YES;
				CLANG_WARN_OBJC_IMPLICIT_RETAIN_SELF = YES;
				CLANG_WARN_OBJC_LITERAL_CONVERSION = YES;
				CLANG_WARN_OBJC_ROOT_CLASS = YES_ERROR;
				CLANG_WARN_RANGE_LOOP_ANALYSIS = YES;
				CLANG_WARN_STRICT_PROTOTYPES = YES;
				CLANG_WARN_SUSPICIOUS_MOVE = YES;
				CLANG_WARN_UNGUARDED_AVAILABILITY = YES_AGGRESSIVE;
				CLANG_WARN_UNREACHABLE_CODE = YES;
				CLANG_WARN__DUPLICATE_METHOD_MATCH = YES;
				CODE_SIGN_IDENTITY = "iPhone Developer";
				COPY_PHASE_STRIP = NO;
				DEBUG_INFORMATION_FORMAT = "dwarf-with-dsym";
				ENABLE_NS_ASSERTIONS = NO;
				ENABLE_STRICT_OBJC_MSGSEND = YES;
				GCC_C_LANGUAGE_STANDARD = gnu11;
				GCC_NO_COMMON_BLOCKS = YES;
				GCC_WARN_64_TO_32_BIT_CONVERSION = YES;
				GCC_WARN_ABOUT_RETURN_TYPE = YES_ERROR;
				GCC_WARN_UNDECLARED_SELECTOR = YES;
				GCC_WARN_UNINITIALIZED_AUTOS = YES_AGGRESSIVE;
				GCC_WARN_UNUSED_FUNCTION = YES;
				GCC_WARN_UNUSED_VARIABLE = YES;
				IPHONEOS_DEPLOYMENT_TARGET = 12.2;
				MTL_ENABLE_DEBUG_INFO = NO;
				MTL_FAST_MATH = YES;
				SDKROOT = iphoneos;
				SWIFT_COMPILATION_MODE = wholemodule;
				SWIFT_OPTIMIZATION_LEVEL = "-O";
				VALIDATE_PRODUCT = YES;
			};
			name = Release;
		};
		A73F801622D9FD4A007CF52A /* Debug */ = {
			isa = XCBuildConfiguration;
			baseConfigurationReference = DE7BBD2CBDF561F7BCB7FA60 /* Pods-SDKSample.debug.xcconfig */;
			buildSettings = {
				ASSETCATALOG_COMPILER_APPICON_NAME = AppIcon;
				CODE_SIGN_STYLE = Automatic;
				INFOPLIST_FILE = "$(SRCROOT)/SDKSample/Resources/Info.plist";
				IPHONEOS_DEPLOYMENT_TARGET = 10.0;
				LD_RUNPATH_SEARCH_PATHS = (
					"$(inherited)",
					"@executable_path/Frameworks",
				);
				PRODUCT_BUNDLE_IDENTIFIER = com.inplayer.SDKSample;
				PRODUCT_NAME = "$(TARGET_NAME)";
				SWIFT_VERSION = 5.0;
				TARGETED_DEVICE_FAMILY = "1,2";
			};
			name = Debug;
		};
		A73F801722D9FD4A007CF52A /* Release */ = {
			isa = XCBuildConfiguration;
			baseConfigurationReference = 95C93C5663EABB8C19A58CF1 /* Pods-SDKSample.release.xcconfig */;
			buildSettings = {
				ASSETCATALOG_COMPILER_APPICON_NAME = AppIcon;
				CODE_SIGN_STYLE = Automatic;
				INFOPLIST_FILE = "$(SRCROOT)/SDKSample/Resources/Info.plist";
				IPHONEOS_DEPLOYMENT_TARGET = 10.0;
				LD_RUNPATH_SEARCH_PATHS = (
					"$(inherited)",
					"@executable_path/Frameworks",
				);
				PRODUCT_BUNDLE_IDENTIFIER = com.inplayer.SDKSample;
				PRODUCT_NAME = "$(TARGET_NAME)";
				SWIFT_VERSION = 5.0;
				TARGETED_DEVICE_FAMILY = "1,2";
			};
			name = Release;
		};
/* End XCBuildConfiguration section */

/* Begin XCConfigurationList section */
		A73F7FFE22D9FD48007CF52A /* Build configuration list for PBXProject "SDKSample" */ = {
			isa = XCConfigurationList;
			buildConfigurations = (
				A73F801322D9FD4A007CF52A /* Debug */,
				A73F801422D9FD4A007CF52A /* Release */,
			);
			defaultConfigurationIsVisible = 0;
			defaultConfigurationName = Release;
		};
		A73F801522D9FD4A007CF52A /* Build configuration list for PBXNativeTarget "SDKSample" */ = {
			isa = XCConfigurationList;
			buildConfigurations = (
				A73F801622D9FD4A007CF52A /* Debug */,
				A73F801722D9FD4A007CF52A /* Release */,
			);
			defaultConfigurationIsVisible = 0;
			defaultConfigurationName = Release;
		};
/* End XCConfigurationList section */
	};
	rootObject = A73F7FFB22D9FD48007CF52A /* Project object */;
}
